<?xml version="1.0" encoding="utf-8"?>
<Project ToolsVersion="4.0" xmlns="http://schemas.microsoft.com/developer/msbuild/2003">
  <ItemGroup>
    <ClInclude Include="stdafx.h" />
    <ClInclude Include="targetver.h" />
    <ClInclude Include="..\sarc\include\sarc\archive.hpp">
      <Filter>sarc</Filter>
    </ClInclude>
    <ClInclude Include="..\sarc\include\sarc\file_accessor.hpp">
      <Filter>sarc</Filter>
    </ClInclude>
  </ItemGroup>
  <ItemGroup>
    <ClCompile Include="sarc_test.cpp" />
    <ClCompile Include="stdafx.cpp" />
    <ClCompile Include="..\sarc\src\archive.cpp">
      <Filter>sarc</Filter>
    </ClCompile>
  </ItemGroup>
  <ItemGroup>
    <Filter Include="sarc">
      <UniqueIdentifier>{5be3797b-44e2-452e-b10c-a5c55f2e7782}</UniqueIdentifier>
    </Filter>
  </ItemGroup>
</Project>